<?xml version="1.0" encoding="UTF-8" standalone="yes" ?>
<CodeBlocks_project_file>
	<FileVersion major="1" minor="6" />
	<Project>
		<Option title="MeshMonkRegistration" />
		<Option pch_mode="2" />
		<Option compiler="gcc" />
		<Build>
			<Target title="Debug">
				<Option output="bin/Debug/MeshMonkRegistration" prefix_auto="1" extension_auto="1" />
				<Option object_output="obj/Debug/" />
				<Option type="1" />
				<Option compiler="gcc" />
				<Compiler>
					<Add option="-g" />
					<Add directory="helpers" />
					<Add directory="core" />
					<Add directory="../../OpenMesh/src" />
				</Compiler>
				<Linker>
					<Add library="../../OpenMesh/build/Build/lib/libOpenMeshCore.a" />
				</Linker>
			</Target>
			<Target title="Release">
				<Option output="bin/Release/MeshMonkRegistration" prefix_auto="1" extension_auto="1" />
				<Option object_output="obj/Release/" />
				<Option type="1" />
				<Option compiler="gcc" />
				<Compiler>
					<Add option="-O2" />
					<Add directory="core" />
				</Compiler>
				<Linker>
					<Add option="-s" />
				</Linker>
			</Target>
		</Build>
		<Compiler>
			<Add option="-Wall" />
			<Add option="-fexceptions" />
		</Compiler>
		<Unit filename="core/CorrespondenceFilter.cpp" />
		<Unit filename="core/CorrespondenceFilter.hpp" />
		<Unit filename="core/InlierDetector.cpp" />
		<Unit filename="core/InlierDetector.hpp" />
		<Unit filename="core/RigidTransformer.cpp" />
		<Unit filename="core/RigidTransformer.hpp" />
		<Unit filename="core/SymmetricCorrespondenceFilter.cpp" />
		<Unit filename="core/SymmetricCorrespondenceFilter.hpp" />
		<Unit filename="core/ViscoElasticTransformer.cpp" />
		<Unit filename="core/ViscoElasticTransformer.hpp" />
		<Unit filename="global.hpp" />
		<Unit filename="helpers/NeighbourFinder.cpp" />
		<Unit filename="helpers/NeighbourFinder.hpp" />
		<Unit filename="helpers/helper_functions.cpp" />
		<Unit filename="helpers/helper_functions.hpp" />
		<Unit filename="main.cpp" />
		<Extensions>
			<code_completion />
			<debugger />
			<envvars />
		</Extensions>
	</Project>
</CodeBlocks_project_file>
